
Microsoft Visual Studio Solution File, Format Version 12.00
# Visual Studio Version 17
VisualStudioVersion = 17.3.32929.385
MinimumVisualStudioVersion = 10.0.40219.1
Project("{FAE04EC0-301F-11D3-BF4B-00C04F79EFBC}") = "BORROMEO_Leila_ScientificCalculator", "BORROMEO_Leila_ScientificCalculator.csproj", "{EC6831D8-3F26-4E73-9501-AFED4D5DEB38}"
EndProject
Global
	GlobalSection(SolutionConfigurationPlatforms) = preSolution
		Debug|Any CPU = Debug|Any CPU
		Release|Any CPU = Release|Any CPU
	EndGlobalSection
	GlobalSection(ProjectConfigurationPlatforms) = postSolution
		{EC6831D8-3F26-4E73-9501-AFED4D5DEB38}.Debug|Any CPU.ActiveCfg = Debug|Any CPU
		{EC6831D8-3F26-4E73-9501-AFED4D5DEB38}.Debug|Any CPU.Build.0 = Debug|Any CPU
		{EC6831D8-3F26-4E73-9501-AFED4D5DEB38}.Release|Any CPU.ActiveCfg = Release|Any CPU
		{EC6831D8-3F26-4E73-9501-AFED4D5DEB38}.Release|Any CPU.Build.0 = Release|Any CPU
	EndGlobalSection
	GlobalSection(SolutionProperties) = preSolution
		HideSolutionNode = FALSE
	EndGlobalSection
	GlobalSection(ExtensibilityGlobals) = postSolution
		SolutionGuid = {2E7F0B04-C87B-4EB0-A2BE-BC21F3247AFC}
	EndGlobalSection
EndGlobal
