
Microsoft Visual Studio Solution File, Format Version 12.00
# Visual Studio Version 17
VisualStudioVersion = 17.3.32929.385
MinimumVisualStudioVersion = 10.0.40219.1
Project("{FAE04EC0-301F-11D3-BF4B-00C04F79EFBC}") = "BORROMEO_Leila_Validating_Inputs", "BORROMEO_Leila_Validating_Inputs.csproj", "{81B2B600-5958-4B4F-8504-402762F77766}"
EndProject
Global
	GlobalSection(SolutionConfigurationPlatforms) = preSolution
		Debug|Any CPU = Debug|Any CPU
		Release|Any CPU = Release|Any CPU
	EndGlobalSection
	GlobalSection(ProjectConfigurationPlatforms) = postSolution
		{81B2B600-5958-4B4F-8504-402762F77766}.Debug|Any CPU.ActiveCfg = Debug|Any CPU
		{81B2B600-5958-4B4F-8504-402762F77766}.Debug|Any CPU.Build.0 = Debug|Any CPU
		{81B2B600-5958-4B4F-8504-402762F77766}.Release|Any CPU.ActiveCfg = Release|Any CPU
		{81B2B600-5958-4B4F-8504-402762F77766}.Release|Any CPU.Build.0 = Release|Any CPU
	EndGlobalSection
	GlobalSection(SolutionProperties) = preSolution
		HideSolutionNode = FALSE
	EndGlobalSection
	GlobalSection(ExtensibilityGlobals) = postSolution
		SolutionGuid = {AEA25B50-A174-4871-8B78-687F96C9508A}
	EndGlobalSection
EndGlobal
