
Microsoft Visual Studio Solution File, Format Version 12.00
# Visual Studio Version 17
VisualStudioVersion = 17.3.32929.385
MinimumVisualStudioVersion = 10.0.40219.1
Project("{FAE04EC0-301F-11D3-BF4B-00C04F79EFBC}") = "Borromeo_Student_Progress_Report", "Borromeo_Student_Progress_Report.csproj", "{5C64783F-D66C-4E03-ADCC-827D81C46176}"
EndProject
Global
	GlobalSection(SolutionConfigurationPlatforms) = preSolution
		Debug|Any CPU = Debug|Any CPU
		Release|Any CPU = Release|Any CPU
	EndGlobalSection
	GlobalSection(ProjectConfigurationPlatforms) = postSolution
		{5C64783F-D66C-4E03-ADCC-827D81C46176}.Debug|Any CPU.ActiveCfg = Debug|Any CPU
		{5C64783F-D66C-4E03-ADCC-827D81C46176}.Debug|Any CPU.Build.0 = Debug|Any CPU
		{5C64783F-D66C-4E03-ADCC-827D81C46176}.Release|Any CPU.ActiveCfg = Release|Any CPU
		{5C64783F-D66C-4E03-ADCC-827D81C46176}.Release|Any CPU.Build.0 = Release|Any CPU
	EndGlobalSection
	GlobalSection(SolutionProperties) = preSolution
		HideSolutionNode = FALSE
	EndGlobalSection
	GlobalSection(ExtensibilityGlobals) = postSolution
		SolutionGuid = {6A601705-C9D9-4D74-87C1-F5DAEEB5D682}
	EndGlobalSection
EndGlobal
