
Microsoft Visual Studio Solution File, Format Version 12.00
# Visual Studio Version 17
VisualStudioVersion = 17.3.32929.385
MinimumVisualStudioVersion = 10.0.40219.1
Project("{FAE04EC0-301F-11D3-BF4B-00C04F79EFBC}") = "Employee_Salary_Calculation", "Employee_Salary_Calculation.csproj", "{E71FD410-8EB4-4028-BF4A-FBCA7E86C733}"
EndProject
Global
	GlobalSection(SolutionConfigurationPlatforms) = preSolution
		Debug|Any CPU = Debug|Any CPU
		Release|Any CPU = Release|Any CPU
	EndGlobalSection
	GlobalSection(ProjectConfigurationPlatforms) = postSolution
		{E71FD410-8EB4-4028-BF4A-FBCA7E86C733}.Debug|Any CPU.ActiveCfg = Debug|Any CPU
		{E71FD410-8EB4-4028-BF4A-FBCA7E86C733}.Debug|Any CPU.Build.0 = Debug|Any CPU
		{E71FD410-8EB4-4028-BF4A-FBCA7E86C733}.Release|Any CPU.ActiveCfg = Release|Any CPU
		{E71FD410-8EB4-4028-BF4A-FBCA7E86C733}.Release|Any CPU.Build.0 = Release|Any CPU
	EndGlobalSection
	GlobalSection(SolutionProperties) = preSolution
		HideSolutionNode = FALSE
	EndGlobalSection
	GlobalSection(ExtensibilityGlobals) = postSolution
		SolutionGuid = {3B09F90A-3C9C-4225-ACAF-48376515B537}
	EndGlobalSection
EndGlobal
